
Microsoft Visual Studio Solution File, Format Version 12.00
# Visual Studio Version 16
VisualStudioVersion = 16.0.31105.61
MinimumVisualStudioVersion = 10.0.40219.1
Project("{FAE04EC0-301F-11D3-BF4B-00C04F79EFBC}") = "PrePassClient", "PrePassClient.csproj", "{DE16DBB8-E641-4356-AE56-85DC5718A8E8}"
EndProject
Global
	GlobalSection(SolutionConfigurationPlatforms) = preSolution
		Debug|Any CPU = Debug|Any CPU
		Release|Any CPU = Release|Any CPU
	EndGlobalSection
	GlobalSection(ProjectConfigurationPlatforms) = postSolution
		{DE16DBB8-E641-4356-AE56-85DC5718A8E8}.Debug|Any CPU.ActiveCfg = Debug|Any CPU
		{DE16DBB8-E641-4356-AE56-85DC5718A8E8}.Debug|Any CPU.Build.0 = Debug|Any CPU
		{DE16DBB8-E641-4356-AE56-85DC5718A8E8}.Release|Any CPU.ActiveCfg = Release|Any CPU
		{DE16DBB8-E641-4356-AE56-85DC5718A8E8}.Release|Any CPU.Build.0 = Release|Any CPU
	EndGlobalSection
	GlobalSection(SolutionProperties) = preSolution
		HideSolutionNode = FALSE
	EndGlobalSection
	GlobalSection(ExtensibilityGlobals) = postSolution
		SolutionGuid = {7AA35D65-BABA-442D-A5BA-81FD3B645C85}
	EndGlobalSection
EndGlobal
